// !$*UTF8*$!
{
	archiveVersion = 1;
	classes = {
	};
	objectVersion = 60;
	objects = {

/* Begin PBXBuildFile section */
		4A6DAE6E2F727AF500B0D737 /* FlowTabAppApp.swift in Sources */ = {isa = PBXBuildFile; fileRef = 4A6DAE6D2F727AF500B0D737 /* FlowTabAppApp.swift */; };
		4A6DAE702F727AF500B0D737 /* ContentView.swift in Sources */ = {isa = PBXBuildFile; fileRef = 4A6DAE6F2F727AF500B0D737 /* ContentView.swift */; };
		4A6DAE722F727AF500B0D737 /* Assets.xcassets in Resources */ = {isa = PBXBuildFile; fileRef = 4A6DAE712F727AF500B0D737 /* Assets.xcassets */; };
		4A6DAE752F727AF500B0D737 /* Preview Assets.xcassets in Resources */ = {isa = PBXBuildFile; fileRef = 4A6DAE742F727AF500B0D737 /* Preview Assets.xcassets */; };
		4A6DAE802F727AF600B0D737 /* FlowTabAppTests.swift in Sources */ = {isa = PBXBuildFile; fileRef = 4A6DAE7F2F727AF600B0D737 /* FlowTabAppTests.swift */; };
		4A6DAE8A2F727AF600B0D737 /* FlowTabAppUITests.swift in Sources */ = {isa = PBXBuildFile; fileRef = 4A6DAE892F727AF600B0D737 /* FlowTabAppUITests.swift */; };
		4A6DAE8C2F727AF600B0D737 /* FlowTabAppUITestsLaunchTests.swift in Sources */ = {isa = PBXBuildFile; fileRef = 4A6DAE8B2F727AF600B0D737 /* FlowTabAppUITestsLaunchTests.swift */; };
		4A6DAE9D2F727C0900B0D737 /* FlowTabCore in Frameworks */ = {isa = PBXBuildFile; productRef = 4A6DAE9C2F727C0900B0D737 /* FlowTabCore */; };
/* End PBXBuildFile section */

/* Begin PBXContainerItemProxy section */
		4A6DAE7C2F727AF600B0D737 /* PBXContainerItemProxy */ = {
			isa = PBXContainerItemProxy;
			containerPortal = 4A6DAE622F727AF500B0D737 /* Project object */;
			proxyType = 1;
			remoteGlobalIDString = 4A6DAE692F727AF500B0D737;
			remoteInfo = FlowTabApp;
		};
		4A6DAE862F727AF600B0D737 /* PBXContainerItemProxy */ = {
			isa = PBXContainerItemProxy;
			containerPortal = 4A6DAE622F727AF500B0D737 /* Project object */;
			proxyType = 1;
			remoteGlobalIDString = 4A6DAE692F727AF500B0D737;
			remoteInfo = FlowTabApp;
		};
/* End PBXContainerItemProxy section */

/* Begin PBXFileReference section */
		4A6DAE6A2F727AF500B0D737 /* FlowTabApp.app */ = {isa = PBXFileReference; explicitFileType = wrapper.application; includeInIndex = 0; path = FlowTabApp.app; sourceTree = BUILT_PRODUCTS_DIR; };
		4A6DAE6D2F727AF500B0D737 /* FlowTabAppApp.swift */ = {isa = PBXFileReference; lastKnownFileType = sourcecode.swift; path = FlowTabAppApp.swift; sourceTree = "<group>"; };
		4A6DAE6F2F727AF500B0D737 /* ContentView.swift */ = {isa = PBXFileReference; lastKnownFileType = sourcecode.swift; path = ContentView.swift; sourceTree = "<group>"; };
		4A6DAE712F727AF500B0D737 /* Assets.xcassets */ = {isa = PBXFileReference; lastKnownFileType = folder.assetcatalog; path = Assets.xcassets; sourceTree = "<group>"; };
		4A6DAE742F727AF500B0D737 /* Preview Assets.xcassets */ = {isa = PBXFileReference; lastKnownFileType = folder.assetcatalog; path = "Preview Assets.xcassets"; sourceTree = "<group>"; };
		4A6DAE762F727AF500B0D737 /* FlowTabApp.entitlements */ = {isa = PBXFileReference; lastKnownFileType = text.plist.entitlements; path = FlowTabApp.entitlements; sourceTree = "<group>"; };
		4A6DAE7B2F727AF600B0D737 /* FlowTabAppTests.xctest */ = {isa = PBXFileReference; explicitFileType = wrapper.cfbundle; includeInIndex = 0; path = FlowTabAppTests.xctest; sourceTree = BUILT_PRODUCTS_DIR; };
		4A6DAE7F2F727AF600B0D737 /* FlowTabAppTests.swift */ = {isa = PBXFileReference; lastKnownFileType = sourcecode.swift; path = FlowTabAppTests.swift; sourceTree = "<group>"; };
		4A6DAE852F727AF600B0D737 /* FlowTabAppUITests.xctest */ = {isa = PBXFileReference; explicitFileType = wrapper.cfbundle; includeInIndex = 0; path = FlowTabAppUITests.xctest; sourceTree = BUILT_PRODUCTS_DIR; };
		4A6DAE892F727AF600B0D737 /* FlowTabAppUITests.swift */ = {isa = PBXFileReference; lastKnownFileType = sourcecode.swift; path = FlowTabAppUITests.swift; sourceTree = "<group>"; };
		4A6DAE8B2F727AF600B0D737 /* FlowTabAppUITestsLaunchTests.swift */ = {isa = PBXFileReference; lastKnownFileType = sourcecode.swift; path = FlowTabAppUITestsLaunchTests.swift; sourceTree = "<group>"; };
/* End PBXFileReference section */

/* Begin PBXFrameworksBuildPhase section */
		4A6DAE672F727AF500B0D737 /* Frameworks */ = {
			isa = PBXFrameworksBuildPhase;
			buildActionMask = 2147483647;
			files = (
				4A6DAE9D2F727C0900B0D737 /* FlowTabCore in Frameworks */,
			);
			runOnlyForDeploymentPostprocessing = 0;
		};
		4A6DAE782F727AF600B0D737 /* Frameworks */ = {
			isa = PBXFrameworksBuildPhase;
			buildActionMask = 2147483647;
			files = (
			);
			runOnlyForDeploymentPostprocessing = 0;
		};
		4A6DAE822F727AF600B0D737 /* Frameworks */ = {
			isa = PBXFrameworksBuildPhase;
			buildActionMask = 2147483647;
			files = (
			);
			runOnlyForDeploymentPostprocessing = 0;
		};
/* End PBXFrameworksBuildPhase section */

/* Begin PBXGroup section */
		4A6DAE612F727AF500B0D737 = {
			isa = PBXGroup;
			children = (
				4A6DAE6C2F727AF500B0D737 /* FlowTabApp */,
				4A6DAE7E2F727AF600B0D737 /* FlowTabAppTests */,
				4A6DAE882F727AF600B0D737 /* FlowTabAppUITests */,
				4A6DAE6B2F727AF500B0D737 /* Products */,
				4A6DAE992F727BEA00B0D737 /* Frameworks */,
			);
			sourceTree = "<group>";
		};
		4A6DAE6B2F727AF500B0D737 /* Products */ = {
			isa = PBXGroup;
			children = (
				4A6DAE6A2F727AF500B0D737 /* FlowTabApp.app */,
				4A6DAE7B2F727AF600B0D737 /* FlowTabAppTests.xctest */,
				4A6DAE852F727AF600B0D737 /* FlowTabAppUITests.xctest */,
			);
			name = Products;
			sourceTree = "<group>";
		};
		4A6DAE6C2F727AF500B0D737 /* FlowTabApp */ = {
			isa = PBXGroup;
			children = (
				4A6DAE6D2F727AF500B0D737 /* FlowTabAppApp.swift */,
				4A6DAE6F2F727AF500B0D737 /* ContentView.swift */,
				4A6DAE712F727AF500B0D737 /* Assets.xcassets */,
				4A6DAE762F727AF500B0D737 /* FlowTabApp.entitlements */,
				4A6DAE732F727AF500B0D737 /* Preview Content */,
			);
			path = FlowTabApp;
			sourceTree = "<group>";
		};
		4A6DAE732F727AF500B0D737 /* Preview Content */ = {
			isa = PBXGroup;
			children = (
				4A6DAE742F727AF500B0D737 /* Preview Assets.xcassets */,
			);
			path = "Preview Content";
			sourceTree = "<group>";
		};
		4A6DAE7E2F727AF600B0D737 /* FlowTabAppTests */ = {
			isa = PBXGroup;
			children = (
				4A6DAE7F2F727AF600B0D737 /* FlowTabAppTests.swift */,
			);
			path = FlowTabAppTests;
			sourceTree = "<group>";
		};
		4A6DAE882F727AF600B0D737 /* FlowTabAppUITests */ = {
			isa = PBXGroup;
			children = (
				4A6DAE892F727AF600B0D737 /* FlowTabAppUITests.swift */,
				4A6DAE8B2F727AF600B0D737 /* FlowTabAppUITestsLaunchTests.swift */,
			);
			path = FlowTabAppUITests;
			sourceTree = "<group>";
		};
		4A6DAE992F727BEA00B0D737 /* Frameworks */ = {
			isa = PBXGroup;
			children = (
			);
			name = Frameworks;
			sourceTree = "<group>";
		};
/* End PBXGroup section */

/* Begin PBXNativeTarget section */
		4A6DAE692F727AF500B0D737 /* FlowTabApp */ = {
			isa = PBXNativeTarget;
			buildConfigurationList = 4A6DAE8F2F727AF600B0D737 /* Build configuration list for PBXNativeTarget "FlowTabApp" */;
			buildPhases = (
				4A6DAE662F727AF500B0D737 /* Sources */,
				4A6DAE672F727AF500B0D737 /* Frameworks */,
				4A6DAE682F727AF500B0D737 /* Resources */,
			);
			buildRules = (
			);
			dependencies = (
			);
			name = FlowTabApp;
			packageProductDependencies = (
				4A6DAE9C2F727C0900B0D737 /* FlowTabCore */,
			);
			productName = FlowTabApp;
			productReference = 4A6DAE6A2F727AF500B0D737 /* FlowTabApp.app */;
			productType = "com.apple.product-type.application";
		};
		4A6DAE7A2F727AF600B0D737 /* FlowTabAppTests */ = {
			isa = PBXNativeTarget;
			buildConfigurationList = 4A6DAE922F727AF600B0D737 /* Build configuration list for PBXNativeTarget "FlowTabAppTests" */;
			buildPhases = (
				4A6DAE772F727AF600B0D737 /* Sources */,
				4A6DAE782F727AF600B0D737 /* Frameworks */,
				4A6DAE792F727AF600B0D737 /* Resources */,
			);
			buildRules = (
			);
			dependencies = (
				4A6DAE7D2F727AF600B0D737 /* PBXTargetDependency */,
			);
			name = FlowTabAppTests;
			productName = FlowTabAppTests;
			productReference = 4A6DAE7B2F727AF600B0D737 /* FlowTabAppTests.xctest */;
			productType = "com.apple.product-type.bundle.unit-test";
		};
		4A6DAE842F727AF600B0D737 /* FlowTabAppUITests */ = {
			isa = PBXNativeTarget;
			buildConfigurationList = 4A6DAE952F727AF600B0D737 /* Build configuration list for PBXNativeTarget "FlowTabAppUITests" */;
			buildPhases = (
				4A6DAE812F727AF600B0D737 /* Sources */,
				4A6DAE822F727AF600B0D737 /* Frameworks */,
				4A6DAE832F727AF600B0D737 /* Resources */,
			);
			buildRules = (
			);
			dependencies = (
				4A6DAE872F727AF600B0D737 /* PBXTargetDependency */,
			);
			name = FlowTabAppUITests;
			productName = FlowTabAppUITests;
			productReference = 4A6DAE852F727AF600B0D737 /* FlowTabAppUITests.xctest */;
			productType = "com.apple.product-type.bundle.ui-testing";
		};
/* End PBXNativeTarget section */

/* Begin PBXProject section */
		4A6DAE622F727AF500B0D737 /* Project object */ = {
			isa = PBXProject;
			attributes = {
				BuildIndependentTargetsInParallel = 1;
				LastSwiftUpdateCheck = 1540;
				LastUpgradeCheck = 1540;
				TargetAttributes = {
					4A6DAE692F727AF500B0D737 = {
						CreatedOnToolsVersion = 15.4;
					};
					4A6DAE7A2F727AF600B0D737 = {
						CreatedOnToolsVersion = 15.4;
						TestTargetID = 4A6DAE692F727AF500B0D737;
					};
					4A6DAE842F727AF600B0D737 = {
						CreatedOnToolsVersion = 15.4;
						TestTargetID = 4A6DAE692F727AF500B0D737;
					};
				};
			};
			buildConfigurationList = 4A6DAE652F727AF500B0D737 /* Build configuration list for PBXProject "FlowTabApp" */;
			compatibilityVersion = "Xcode 14.0";
			developmentRegion = en;
			hasScannedForEncodings = 0;
			knownRegions = (
				en,
				Base,
			);
			mainGroup = 4A6DAE612F727AF500B0D737;
			packageReferences = (
				4A6DAE982F727B1900B0D737 /* XCLocalSwiftPackageReference "FlowTabCore" */,
			);
			productRefGroup = 4A6DAE6B2F727AF500B0D737 /* Products */;
			projectDirPath = "";
			projectRoot = "";
			targets = (
				4A6DAE692F727AF500B0D737 /* FlowTabApp */,
				4A6DAE7A2F727AF600B0D737 /* FlowTabAppTests */,
				4A6DAE842F727AF600B0D737 /* FlowTabAppUITests */,
			);
		};
/* End PBXProject section */

/* Begin PBXResourcesBuildPhase section */
		4A6DAE682F727AF500B0D737 /* Resources */ = {
			isa = PBXResourcesBuildPhase;
			buildActionMask = 2147483647;
			files = (
				4A6DAE752F727AF500B0D737 /* Preview Assets.xcassets in Resources */,
				4A6DAE722F727AF500B0D737 /* Assets.xcassets in Resources */,
			);
			runOnlyForDeploymentPostprocessing = 0;
		};
		4A6DAE792F727AF600B0D737 /* Resources */ = {
			isa = PBXResourcesBuildPhase;
			buildActionMask = 2147483647;
			files = (
			);
			runOnlyForDeploymentPostprocessing = 0;
		};
		4A6DAE832F727AF600B0D737 /* Resources */ = {
			isa = PBXResourcesBuildPhase;
			buildActionMask = 2147483647;
			files = (
			);
			runOnlyForDeploymentPostprocessing = 0;
		};
/* End PBXResourcesBuildPhase section */

/* Begin PBXSourcesBuildPhase section */
		4A6DAE662F727AF500B0D737 /* Sources */ = {
			isa = PBXSourcesBuildPhase;
			buildActionMask = 2147483647;
			files = (
				4A6DAE702F727AF500B0D737 /* ContentView.swift in Sources */,
				4A6DAE6E2F727AF500B0D737 /* FlowTabAppApp.swift in Sources */,
			);
			runOnlyForDeploymentPostprocessing = 0;
		};
		4A6DAE772F727AF600B0D737 /* Sources */ = {
			isa = PBXSourcesBuildPhase;
			buildActionMask = 2147483647;
			files = (
				4A6DAE802F727AF600B0D737 /* FlowTabAppTests.swift in Sources */,
			);
			runOnlyForDeploymentPostprocessing = 0;
		};
		4A6DAE812F727AF600B0D737 /* Sources */ = {
			isa = PBXSourcesBuildPhase;
			buildActionMask = 2147483647;
			files = (
				4A6DAE8C2F727AF600B0D737 /* FlowTabAppUITestsLaunchTests.swift in Sources */,
				4A6DAE8A2F727AF600B0D737 /* FlowTabAppUITests.swift in Sources */,
			);
			runOnlyForDeploymentPostprocessing = 0;
		};
/* End PBXSourcesBuildPhase section */

/* Begin PBXTargetDependency section */
		4A6DAE7D2F727AF600B0D737 /* PBXTargetDependency */ = {
			isa = PBXTargetDependency;
			target = 4A6DAE692F727AF500B0D737 /* FlowTabApp */;
			targetProxy = 4A6DAE7C2F727AF600B0D737 /* PBXContainerItemProxy */;
		};
		4A6DAE872F727AF600B0D737 /* PBXTargetDependency */ = {
			isa = PBXTargetDependency;
			target = 4A6DAE692F727AF500B0D737 /* FlowTabApp */;
			targetProxy = 4A6DAE862F727AF600B0D737 /* PBXContainerItemProxy */;
		};
/* End PBXTargetDependency section */

/* Begin XCBuildConfiguration section */
		4A6DAE8D2F727AF600B0D737 /* Debug */ = {
			isa = XCBuildConfiguration;
			buildSettings = {
				ALWAYS_SEARCH_USER_PATHS = NO;
				ASSETCATALOG_COMPILER_GENERATE_SWIFT_ASSET_SYMBOL_EXTENSIONS = YES;
				CLANG_ANALYZER_NONNULL = YES;
				CLANG_ANALYZER_NUMBER_OBJECT_CONVERSION = YES_AGGRESSIVE;
				CLANG_CXX_LANGUAGE_STANDARD = "gnu++20";
				CLANG_ENABLE_MODULES = YES;
				CLANG_ENABLE_OBJC_ARC = YES;
				CLANG_ENABLE_OBJC_WEAK = YES;
				CLANG_WARN_BLOCK_CAPTURE_AUTORELEASING = YES;
				CLANG_WARN_BOOL_CONVERSION = YES;
				CLANG_WARN_COMMA = YES;
				CLANG_WARN_CONSTANT_CONVERSION = YES;
				CLANG_WARN_DEPRECATED_OBJC_IMPLEMENTATIONS = YES;
				CLANG_WARN_DIRECT_OBJC_ISA_USAGE = YES_ERROR;
				CLANG_WARN_DOCUMENTATION_COMMENTS = YES;
				CLANG_WARN_EMPTY_BODY = YES;
				CLANG_WARN_ENUM_CONVERSION = YES;
				CLANG_WARN_INFINITE_RECURSION = YES;
				CLANG_WARN_INT_CONVERSION = YES;
				CLANG_WARN_NON_LITERAL_NULL_CONVERSION = YES;
				CLANG_WARN_OBJC_IMPLICIT_RETAIN_SELF = YES;
				CLANG_WARN_OBJC_LITERAL_CONVERSION = YES;
				CLANG_WARN_OBJC_ROOT_CLASS = YES_ERROR;
				CLANG_WARN_QUOTED_INCLUDE_IN_FRAMEWORK_HEADER = YES;
				CLANG_WARN_RANGE_LOOP_ANALYSIS = YES;
				CLANG_WARN_STRICT_PROTOTYPES = YES;
				CLANG_WARN_SUSPICIOUS_MOVE = YES;
				CLANG_WARN_UNGUARDED_AVAILABILITY = YES_AGGRESSIVE;
				CLANG_WARN_UNREACHABLE_CODE = YES;
				CLANG_WARN__DUPLICATE_METHOD_MATCH = YES;
				COPY_PHASE_STRIP = NO;
				DEBUG_INFORMATION_FORMAT = dwarf;
				ENABLE_STRICT_OBJC_MSGSEND = YES;
				ENABLE_TESTABILITY = YES;
				ENABLE_USER_SCRIPT_SANDBOXING = YES;
				GCC_C_LANGUAGE_STANDARD = gnu17;
				GCC_DYNAMIC_NO_PIC = NO;
				GCC_NO_COMMON_BLOCKS = YES;
				GCC_OPTIMIZATION_LEVEL = 0;
				GCC_PREPROCESSOR_DEFINITIONS = (
					"DEBUG=1",
					"$(inherited)",
				);
				GCC_WARN_64_TO_32_BIT_CONVERSION = YES;
				GCC_WARN_ABOUT_RETURN_TYPE = YES_ERROR;
				GCC_WARN_UNDECLARED_SELECTOR = YES;
				GCC_WARN_UNINITIALIZED_AUTOS = YES_AGGRESSIVE;
				GCC_WARN_UNUSED_FUNCTION = YES;
				GCC_WARN_UNUSED_VARIABLE = YES;
				LOCALIZATION_PREFERS_STRING_CATALOGS = YES;
				MACOSX_DEPLOYMENT_TARGET = 14.5;
				MTL_ENABLE_DEBUG_INFO = INCLUDE_SOURCE;
				MTL_FAST_MATH = YES;
				ONLY_ACTIVE_ARCH = YES;
				SDKROOT = macosx;
				SWIFT_ACTIVE_COMPILATION_CONDITIONS = "DEBUG $(inherited)";
				SWIFT_OPTIMIZATION_LEVEL = "-Onone";
			};
			name = Debug;
		};
		4A6DAE8E2F727AF600B0D737 /* Release */ = {
			isa = XCBuildConfiguration;
			buildSettings = {
				ALWAYS_SEARCH_USER_PATHS = NO;
				ASSETCATALOG_COMPILER_GENERATE_SWIFT_ASSET_SYMBOL_EXTENSIONS = YES;
				CLANG_ANALYZER_NONNULL = YES;
				CLANG_ANALYZER_NUMBER_OBJECT_CONVERSION = YES_AGGRESSIVE;
				CLANG_CXX_LANGUAGE_STANDARD = "gnu++20";
				CLANG_ENABLE_MODULES = YES;
				CLANG_ENABLE_OBJC_ARC = YES;
				CLANG_ENABLE_OBJC_WEAK = YES;
				CLANG_WARN_BLOCK_CAPTURE_AUTORELEASING = YES;
				CLANG_WARN_BOOL_CONVERSION = YES;
				CLANG_WARN_COMMA = YES;
				CLANG_WARN_CONSTANT_CONVERSION = YES;
				CLANG_WARN_DEPRECATED_OBJC_IMPLEMENTATIONS = YES;
				CLANG_WARN_DIRECT_OBJC_ISA_USAGE = YES_ERROR;
				CLANG_WARN_DOCUMENTATION_COMMENTS = YES;
				CLANG_WARN_EMPTY_BODY = YES;
				CLANG_WARN_ENUM_CONVERSION = YES;
				CLANG_WARN_INFINITE_RECURSION = YES;
				CLANG_WARN_INT_CONVERSION = YES;
				CLANG_WARN_NON_LITERAL_NULL_CONVERSION = YES;
				CLANG_WARN_OBJC_IMPLICIT_RETAIN_SELF = YES;
				CLANG_WARN_OBJC_LITERAL_CONVERSION = YES;
				CLANG_WARN_OBJC_ROOT_CLASS = YES_ERROR;
				CLANG_WARN_QUOTED_INCLUDE_IN_FRAMEWORK_HEADER = YES;
				CLANG_WARN_RANGE_LOOP_ANALYSIS = YES;
				CLANG_WARN_STRICT_PROTOTYPES = YES;
				CLANG_WARN_SUSPICIOUS_MOVE = YES;
				CLANG_WARN_UNGUARDED_AVAILABILITY = YES_AGGRESSIVE;
				CLANG_WARN_UNREACHABLE_CODE = YES;
				CLANG_WARN__DUPLICATE_METHOD_MATCH = YES;
				COPY_PHASE_STRIP = NO;
				DEBUG_INFORMATION_FORMAT = "dwarf-with-dsym";
				ENABLE_NS_ASSERTIONS = NO;
				ENABLE_STRICT_OBJC_MSGSEND = YES;
				ENABLE_USER_SCRIPT_SANDBOXING = YES;
				GCC_C_LANGUAGE_STANDARD = gnu17;
				GCC_NO_COMMON_BLOCKS = YES;
				GCC_WARN_64_TO_32_BIT_CONVERSION = YES;
				GCC_WARN_ABOUT_RETURN_TYPE = YES_ERROR;
				GCC_WARN_UNDECLARED_SELECTOR = YES;
				GCC_WARN_UNINITIALIZED_AUTOS = YES_AGGRESSIVE;
				GCC_WARN_UNUSED_FUNCTION = YES;
				GCC_WARN_UNUSED_VARIABLE = YES;
				LOCALIZATION_PREFERS_STRING_CATALOGS = YES;
				MACOSX_DEPLOYMENT_TARGET = 14.5;
				MTL_ENABLE_DEBUG_INFO = NO;
				MTL_FAST_MATH = YES;
				SDKROOT = macosx;
				SWIFT_COMPILATION_MODE = wholemodule;
			};
			name = Release;
		};
		4A6DAE902F727AF600B0D737 /* Debug */ = {
			isa = XCBuildConfiguration;
			buildSettings = {
				ASSETCATALOG_COMPILER_APPICON_NAME = AppIcon;
				ASSETCATALOG_COMPILER_GLOBAL_ACCENT_COLOR_NAME = AccentColor;
				CODE_SIGN_ENTITLEMENTS = FlowTabApp/FlowTabApp.entitlements;
				CODE_SIGN_STYLE = Automatic;
				COMBINE_HIDPI_IMAGES = YES;
				CURRENT_PROJECT_VERSION = 1;
				DEVELOPMENT_ASSET_PATHS = "\"FlowTabApp/Preview Content\"";
				ENABLE_PREVIEWS = YES;
				GENERATE_INFOPLIST_FILE = YES;
				INFOPLIST_KEY_NSHumanReadableCopyright = "";
				LD_RUNPATH_SEARCH_PATHS = (
					"$(inherited)",
					"@executable_path/../Frameworks",
				);
				MARKETING_VERSION = 1.0;
				PRODUCT_BUNDLE_IDENTIFIER = com.pd.FlowTabApp;
				PRODUCT_NAME = "$(TARGET_NAME)";
				SWIFT_EMIT_LOC_STRINGS = YES;
				SWIFT_VERSION = 5.0;
			};
			name = Debug;
		};
		4A6DAE912F727AF600B0D737 /* Release */ = {
			isa = XCBuildConfiguration;
			buildSettings = {
				ASSETCATALOG_COMPILER_APPICON_NAME = AppIcon;
				ASSETCATALOG_COMPILER_GLOBAL_ACCENT_COLOR_NAME = AccentColor;
				CODE_SIGN_ENTITLEMENTS = FlowTabApp/FlowTabApp.entitlements;
				CODE_SIGN_STYLE = Automatic;
				COMBINE_HIDPI_IMAGES = YES;
				CURRENT_PROJECT_VERSION = 1;
				DEVELOPMENT_ASSET_PATHS = "\"FlowTabApp/Preview Content\"";
				ENABLE_PREVIEWS = YES;
				GENERATE_INFOPLIST_FILE = YES;
				INFOPLIST_KEY_NSHumanReadableCopyright = "";
				LD_RUNPATH_SEARCH_PATHS = (
					"$(inherited)",
					"@executable_path/../Frameworks",
				);
				MARKETING_VERSION = 1.0;
				PRODUCT_BUNDLE_IDENTIFIER = com.pd.FlowTabApp;
				PRODUCT_NAME = "$(TARGET_NAME)";
				SWIFT_EMIT_LOC_STRINGS = YES;
				SWIFT_VERSION = 5.0;
			};
			name = Release;
		};
		4A6DAE932F727AF600B0D737 /* Debug */ = {
			isa = XCBuildConfiguration;
			buildSettings = {
				ALWAYS_EMBED_SWIFT_STANDARD_LIBRARIES = YES;
				BUNDLE_LOADER = "$(TEST_HOST)";
				CODE_SIGN_STYLE = Automatic;
				CURRENT_PROJECT_VERSION = 1;
				GENERATE_INFOPLIST_FILE = YES;
				MACOSX_DEPLOYMENT_TARGET = 14.5;
				MARKETING_VERSION = 1.0;
				PRODUCT_BUNDLE_IDENTIFIER = com.pd.FlowTabAppTests;
				PRODUCT_NAME = "$(TARGET_NAME)";
				SWIFT_EMIT_LOC_STRINGS = NO;
				SWIFT_VERSION = 5.0;
				TEST_HOST = "$(BUILT_PRODUCTS_DIR)/FlowTabApp.app/$(BUNDLE_EXECUTABLE_FOLDER_PATH)/FlowTabApp";
			};
			name = Debug;
		};
		4A6DAE942F727AF600B0D737 /* Release */ = {
			isa = XCBuildConfiguration;
			buildSettings = {
				ALWAYS_EMBED_SWIFT_STANDARD_LIBRARIES = YES;
				BUNDLE_LOADER = "$(TEST_HOST)";
				CODE_SIGN_STYLE = Automatic;
				CURRENT_PROJECT_VERSION = 1;
				GENERATE_INFOPLIST_FILE = YES;
				MACOSX_DEPLOYMENT_TARGET = 14.5;
				MARKETING_VERSION = 1.0;
				PRODUCT_BUNDLE_IDENTIFIER = com.pd.FlowTabAppTests;
				PRODUCT_NAME = "$(TARGET_NAME)";
				SWIFT_EMIT_LOC_STRINGS = NO;
				SWIFT_VERSION = 5.0;
				TEST_HOST = "$(BUILT_PRODUCTS_DIR)/FlowTabApp.app/$(BUNDLE_EXECUTABLE_FOLDER_PATH)/FlowTabApp";
			};
			name = Release;
		};
		4A6DAE962F727AF600B0D737 /* Debug */ = {
			isa = XCBuildConfiguration;
			buildSettings = {
				ALWAYS_EMBED_SWIFT_STANDARD_LIBRARIES = YES;
				CODE_SIGN_STYLE = Automatic;
				CURRENT_PROJECT_VERSION = 1;
				GENERATE_INFOPLIST_FILE = YES;
				MARKETING_VERSION = 1.0;
				PRODUCT_BUNDLE_IDENTIFIER = com.pd.FlowTabAppUITests;
				PRODUCT_NAME = "$(TARGET_NAME)";
				SWIFT_EMIT_LOC_STRINGS = NO;
				SWIFT_VERSION = 5.0;
				TEST_TARGET_NAME = FlowTabApp;
			};
			name = Debug;
		};
		4A6DAE972F727AF600B0D737 /* Release */ = {
			isa = XCBuildConfiguration;
			buildSettings = {
				ALWAYS_EMBED_SWIFT_STANDARD_LIBRARIES = YES;
				CODE_SIGN_STYLE = Automatic;
				CURRENT_PROJECT_VERSION = 1;
				GENERATE_INFOPLIST_FILE = YES;
				MARKETING_VERSION = 1.0;
				PRODUCT_BUNDLE_IDENTIFIER = com.pd.FlowTabAppUITests;
				PRODUCT_NAME = "$(TARGET_NAME)";
				SWIFT_EMIT_LOC_STRINGS = NO;
				SWIFT_VERSION = 5.0;
				TEST_TARGET_NAME = FlowTabApp;
			};
			name = Release;
		};
/* End XCBuildConfiguration section */

/* Begin XCConfigurationList section */
		4A6DAE652F727AF500B0D737 /* Build configuration list for PBXProject "FlowTabApp" */ = {
			isa = XCConfigurationList;
			buildConfigurations = (
				4A6DAE8D2F727AF600B0D737 /* Debug */,
				4A6DAE8E2F727AF600B0D737 /* Release */,
			);
			defaultConfigurationIsVisible = 0;
			defaultConfigurationName = Release;
		};
		4A6DAE8F2F727AF600B0D737 /* Build configuration list for PBXNativeTarget "FlowTabApp" */ = {
			isa = XCConfigurationList;
			buildConfigurations = (
				4A6DAE902F727AF600B0D737 /* Debug */,
				4A6DAE912F727AF600B0D737 /* Release */,
			);
			defaultConfigurationIsVisible = 0;
			defaultConfigurationName = Release;
		};
		4A6DAE922F727AF600B0D737 /* Build configuration list for PBXNativeTarget "FlowTabAppTests" */ = {
			isa = XCConfigurationList;
			buildConfigurations = (
				4A6DAE932F727AF600B0D737 /* Debug */,
				4A6DAE942F727AF600B0D737 /* Release */,
			);
			defaultConfigurationIsVisible = 0;
			defaultConfigurationName = Release;
		};
		4A6DAE952F727AF600B0D737 /* Build configuration list for PBXNativeTarget "FlowTabAppUITests" */ = {
			isa = XCConfigurationList;
			buildConfigurations = (
				4A6DAE962F727AF600B0D737 /* Debug */,
				4A6DAE972F727AF600B0D737 /* Release */,
			);
			defaultConfigurationIsVisible = 0;
			defaultConfigurationName = Release;
		};
/* End XCConfigurationList section */

/* Begin XCLocalSwiftPackageReference section */
		4A6DAE982F727B1900B0D737 /* XCLocalSwiftPackageReference "FlowTabCore" */ = {
			isa = XCLocalSwiftPackageReference;
			relativePath = FlowTabCore;
		};
/* End XCLocalSwiftPackageReference section */

/* Begin XCSwiftPackageProductDependency section */
		4A6DAE9C2F727C0900B0D737 /* FlowTabCore */ = {
			isa = XCSwiftPackageProductDependency;
			package = 4A6DAE982F727B1900B0D737 /* XCLocalSwiftPackageReference "FlowTabCore" */;
			productName = FlowTabCore;
		};
/* End XCSwiftPackageProductDependency section */
	};
	rootObject = 4A6DAE622F727AF500B0D737 /* Project object */;
}
