// !$*UTF8*$!
{
	archiveVersion = 1;
	classes = {
	};
	objectVersion = 60;
	objects = {

/* Begin PBXBuildFile section */
			4A6DAE6E2F727AF500B0D737 /* FlowTab.swift in Sources */ = {isa = PBXBuildFile; fileRef = 4A6DAE6D2F727AF500B0D737 /* FlowTab.swift */; };
			4A6DAE702F727AF500B0D737 /* ContentView.swift in Sources */ = {isa = PBXBuildFile; fileRef = 4A6DAE6F2F727AF500B0D737 /* ContentView.swift */; };
			B1C2D3E42F74000100B0D737 /* AppLocalization.swift in Sources */ = {isa = PBXBuildFile; fileRef = B1C2D3E32F74000100B0D737 /* AppLocalization.swift */; };
			A1B2C3D42F73000100B0D737 /* OptionTabHotkeyMonitor.swift in Sources */ = {isa = PBXBuildFile; fileRef = A1B2C3D12F73000100B0D737 /* OptionTabHotkeyMonitor.swift */; };
		A1B2C3D52F73000100B0D737 /* RuntimeBridge.swift in Sources */ = {isa = PBXBuildFile; fileRef = A1B2C3D22F73000100B0D737 /* RuntimeBridge.swift */; };
		A1B2C3D62F73000100B0D737 /* SwitcherPanel.swift in Sources */ = {isa = PBXBuildFile; fileRef = A1B2C3D32F73000100B0D737 /* SwitcherPanel.swift */; };
		A1B2C3D72F73000100B0D737 /* SwitcherSearchCoordinator.swift in Sources */ = {isa = PBXBuildFile; fileRef = A1B2C3D82F73000100B0D737 /* SwitcherSearchCoordinator.swift */; };
		4A6DAE722F727AF500B0D737 /* Assets.xcassets in Resources */ = {isa = PBXBuildFile; fileRef = 4A6DAE712F727AF500B0D737 /* Assets.xcassets */; };
		4A6DAE752F727AF500B0D737 /* Preview Assets.xcassets in Resources */ = {isa = PBXBuildFile; fileRef = 4A6DAE742F727AF500B0D737 /* Preview Assets.xcassets */; };
		4A6DAE802F727AF600B0D737 /* FlowTabTests.swift in Sources */ = {isa = PBXBuildFile; fileRef = 4A6DAE7F2F727AF600B0D737 /* FlowTabTests.swift */; };
		7A1B2C3D4E5F600100B0D737 /* FlowTabPriorityCoverageTests.swift in Sources */ = {isa = PBXBuildFile; fileRef = 7A1B2C3D4E5F600200B0D737 /* FlowTabPriorityCoverageTests.swift */; };
		4A6DAE8A2F727AF600B0D737 /* FlowTabUITests.swift in Sources */ = {isa = PBXBuildFile; fileRef = 4A6DAE892F727AF600B0D737 /* FlowTabUITests.swift */; };
		4A6DAE8C2F727AF600B0D737 /* FlowTabUITestsLaunchTests.swift in Sources */ = {isa = PBXBuildFile; fileRef = 4A6DAE8B2F727AF600B0D737 /* FlowTabUITestsLaunchTests.swift */; };
		4A6DAE9D2F727C0900B0D737 /* FlowTabCore in Frameworks */ = {isa = PBXBuildFile; productRef = 4A6DAE9C2F727C0900B0D737 /* FlowTabCore */; };
/* End PBXBuildFile section */

/* Begin PBXContainerItemProxy section */
		4A6DAE7C2F727AF600B0D737 /* PBXContainerItemProxy */ = {
			isa = PBXContainerItemProxy;
			containerPortal = 4A6DAE622F727AF500B0D737 /* Project object */;
			proxyType = 1;
			remoteGlobalIDString = 4A6DAE692F727AF500B0D737;
			remoteInfo = FlowTab;
		};
		4A6DAE862F727AF600B0D737 /* PBXContainerItemProxy */ = {
			isa = PBXContainerItemProxy;
			containerPortal = 4A6DAE622F727AF500B0D737 /* Project object */;
			proxyType = 1;
			remoteGlobalIDString = 4A6DAE692F727AF500B0D737;
			remoteInfo = FlowTab;
		};
/* End PBXContainerItemProxy section */

/* Begin PBXFileReference section */
			4A6DAE6A2F727AF500B0D737 /* Flow Tab.app */ = {isa = PBXFileReference; explicitFileType = wrapper.application; includeInIndex = 0; path = "Flow Tab.app"; sourceTree = BUILT_PRODUCTS_DIR; };
			4A6DAE6D2F727AF500B0D737 /* FlowTab.swift */ = {isa = PBXFileReference; lastKnownFileType = sourcecode.swift; path = FlowTab.swift; sourceTree = "<group>"; };
			4A6DAE6F2F727AF500B0D737 /* ContentView.swift */ = {isa = PBXFileReference; lastKnownFileType = sourcecode.swift; path = ContentView.swift; sourceTree = "<group>"; };
			B1C2D3E32F74000100B0D737 /* AppLocalization.swift */ = {isa = PBXFileReference; lastKnownFileType = sourcecode.swift; path = AppLocalization.swift; sourceTree = "<group>"; };
			A1B2C3D12F73000100B0D737 /* OptionTabHotkeyMonitor.swift */ = {isa = PBXFileReference; lastKnownFileType = sourcecode.swift; path = OptionTabHotkeyMonitor.swift; sourceTree = "<group>"; };
		A1B2C3D22F73000100B0D737 /* RuntimeBridge.swift */ = {isa = PBXFileReference; lastKnownFileType = sourcecode.swift; path = RuntimeBridge.swift; sourceTree = "<group>"; };
		A1B2C3D32F73000100B0D737 /* SwitcherPanel.swift */ = {isa = PBXFileReference; lastKnownFileType = sourcecode.swift; path = SwitcherPanel.swift; sourceTree = "<group>"; };
		A1B2C3D82F73000100B0D737 /* SwitcherSearchCoordinator.swift */ = {isa = PBXFileReference; lastKnownFileType = sourcecode.swift; path = SwitcherSearchCoordinator.swift; sourceTree = "<group>"; };
		4A6DAE712F727AF500B0D737 /* Assets.xcassets */ = {isa = PBXFileReference; lastKnownFileType = folder.assetcatalog; path = Assets.xcassets; sourceTree = "<group>"; };
		4A6DAE742F727AF500B0D737 /* Preview Assets.xcassets */ = {isa = PBXFileReference; lastKnownFileType = folder.assetcatalog; path = "Preview Assets.xcassets"; sourceTree = "<group>"; };
		4A6DAE762F727AF500B0D737 /* FlowTab.entitlements */ = {isa = PBXFileReference; lastKnownFileType = text.plist.entitlements; path = FlowTab.entitlements; sourceTree = "<group>"; };
		4A6DAE7B2F727AF600B0D737 /* FlowTabTests.xctest */ = {isa = PBXFileReference; explicitFileType = wrapper.cfbundle; includeInIndex = 0; path = FlowTabTests.xctest; sourceTree = BUILT_PRODUCTS_DIR; };
		4A6DAE7F2F727AF600B0D737 /* FlowTabTests.swift */ = {isa = PBXFileReference; lastKnownFileType = sourcecode.swift; path = FlowTabTests.swift; sourceTree = "<group>"; };
		7A1B2C3D4E5F600200B0D737 /* FlowTabPriorityCoverageTests.swift */ = {isa = PBXFileReference; lastKnownFileType = sourcecode.swift; path = FlowTabPriorityCoverageTests.swift; sourceTree = "<group>"; };
		4A6DAE852F727AF600B0D737 /* FlowTabUITests.xctest */ = {isa = PBXFileReference; explicitFileType = wrapper.cfbundle; includeInIndex = 0; path = FlowTabUITests.xctest; sourceTree = BUILT_PRODUCTS_DIR; };
		4A6DAE892F727AF600B0D737 /* FlowTabUITests.swift */ = {isa = PBXFileReference; lastKnownFileType = sourcecode.swift; path = FlowTabUITests.swift; sourceTree = "<group>"; };
		4A6DAE8B2F727AF600B0D737 /* FlowTabUITestsLaunchTests.swift */ = {isa = PBXFileReference; lastKnownFileType = sourcecode.swift; path = FlowTabUITestsLaunchTests.swift; sourceTree = "<group>"; };
/* End PBXFileReference section */

/* Begin PBXFrameworksBuildPhase section */
		4A6DAE672F727AF500B0D737 /* Frameworks */ = {
			isa = PBXFrameworksBuildPhase;
			buildActionMask = 2147483647;
			files = (
				4A6DAE9D2F727C0900B0D737 /* FlowTabCore in Frameworks */,
			);
			runOnlyForDeploymentPostprocessing = 0;
		};
		4A6DAE782F727AF600B0D737 /* Frameworks */ = {
			isa = PBXFrameworksBuildPhase;
			buildActionMask = 2147483647;
			files = (
			);
			runOnlyForDeploymentPostprocessing = 0;
		};
		4A6DAE822F727AF600B0D737 /* Frameworks */ = {
			isa = PBXFrameworksBuildPhase;
			buildActionMask = 2147483647;
			files = (
			);
			runOnlyForDeploymentPostprocessing = 0;
		};
/* End PBXFrameworksBuildPhase section */

/* Begin PBXGroup section */
		4A6DAE612F727AF500B0D737 = {
			isa = PBXGroup;
			children = (
				4A6DAE6C2F727AF500B0D737 /* FlowTab */,
				4A6DAE7E2F727AF600B0D737 /* FlowTabTests */,
				4A6DAE882F727AF600B0D737 /* FlowTabUITests */,
				4A6DAE6B2F727AF500B0D737 /* Products */,
				4A6DAE992F727BEA00B0D737 /* Frameworks */,
			);
			sourceTree = "<group>";
		};
		4A6DAE6B2F727AF500B0D737 /* Products */ = {
			isa = PBXGroup;
			children = (
					4A6DAE6A2F727AF500B0D737 /* Flow Tab.app */,
				4A6DAE7B2F727AF600B0D737 /* FlowTabTests.xctest */,
				4A6DAE852F727AF600B0D737 /* FlowTabUITests.xctest */,
			);
			name = Products;
			sourceTree = "<group>";
		};
		4A6DAE6C2F727AF500B0D737 /* FlowTab */ = {
			isa = PBXGroup;
				children = (
					4A6DAE6D2F727AF500B0D737 /* FlowTab.swift */,
					4A6DAE6F2F727AF500B0D737 /* ContentView.swift */,
					B1C2D3E32F74000100B0D737 /* AppLocalization.swift */,
					A1B2C3D12F73000100B0D737 /* OptionTabHotkeyMonitor.swift */,
				A1B2C3D22F73000100B0D737 /* RuntimeBridge.swift */,
				A1B2C3D32F73000100B0D737 /* SwitcherPanel.swift */,
				A1B2C3D82F73000100B0D737 /* SwitcherSearchCoordinator.swift */,
				4A6DAE712F727AF500B0D737 /* Assets.xcassets */,
				4A6DAE762F727AF500B0D737 /* FlowTab.entitlements */,
				4A6DAE732F727AF500B0D737 /* Preview Content */,
			);
			path = FlowTab;
			sourceTree = "<group>";
		};
		4A6DAE732F727AF500B0D737 /* Preview Content */ = {
			isa = PBXGroup;
			children = (
				4A6DAE742F727AF500B0D737 /* Preview Assets.xcassets */,
			);
			path = "Preview Content";
			sourceTree = "<group>";
		};
		4A6DAE7E2F727AF600B0D737 /* FlowTabTests */ = {
			isa = PBXGroup;
			children = (
				4A6DAE7F2F727AF600B0D737 /* FlowTabTests.swift */,
				7A1B2C3D4E5F600200B0D737 /* FlowTabPriorityCoverageTests.swift */,
			);
			path = FlowTabTests;
			sourceTree = "<group>";
		};
		4A6DAE882F727AF600B0D737 /* FlowTabUITests */ = {
			isa = PBXGroup;
			children = (
				4A6DAE892F727AF600B0D737 /* FlowTabUITests.swift */,
				4A6DAE8B2F727AF600B0D737 /* FlowTabUITestsLaunchTests.swift */,
			);
			path = FlowTabUITests;
			sourceTree = "<group>";
		};
		4A6DAE992F727BEA00B0D737 /* Frameworks */ = {
			isa = PBXGroup;
			children = (
			);
			name = Frameworks;
			sourceTree = "<group>";
		};
/* End PBXGroup section */

/* Begin PBXNativeTarget section */
		4A6DAE692F727AF500B0D737 /* FlowTab */ = {
			isa = PBXNativeTarget;
			buildConfigurationList = 4A6DAE8F2F727AF600B0D737 /* Build configuration list for PBXNativeTarget "FlowTab" */;
			buildPhases = (
				4A6DAE662F727AF500B0D737 /* Sources */,
				4A6DAE672F727AF500B0D737 /* Frameworks */,
				4A6DAE682F727AF500B0D737 /* Resources */,
			);
			buildRules = (
			);
			dependencies = (
			);
			name = FlowTab;
			packageProductDependencies = (
				4A6DAE9C2F727C0900B0D737 /* FlowTabCore */,
			);
				productName = "Flow Tab";
				productReference = 4A6DAE6A2F727AF500B0D737 /* Flow Tab.app */;
			productType = "com.apple.product-type.application";
		};
		4A6DAE7A2F727AF600B0D737 /* FlowTabTests */ = {
			isa = PBXNativeTarget;
			buildConfigurationList = 4A6DAE922F727AF600B0D737 /* Build configuration list for PBXNativeTarget "FlowTabTests" */;
			buildPhases = (
				4A6DAE772F727AF600B0D737 /* Sources */,
				4A6DAE782F727AF600B0D737 /* Frameworks */,
				4A6DAE792F727AF600B0D737 /* Resources */,
			);
			buildRules = (
			);
			dependencies = (
				4A6DAE7D2F727AF600B0D737 /* PBXTargetDependency */,
			);
			name = FlowTabTests;
			productName = FlowTabTests;
			productReference = 4A6DAE7B2F727AF600B0D737 /* FlowTabTests.xctest */;
			productType = "com.apple.product-type.bundle.unit-test";
		};
		4A6DAE842F727AF600B0D737 /* FlowTabUITests */ = {
			isa = PBXNativeTarget;
			buildConfigurationList = 4A6DAE952F727AF600B0D737 /* Build configuration list for PBXNativeTarget "FlowTabUITests" */;
			buildPhases = (
				4A6DAE812F727AF600B0D737 /* Sources */,
				4A6DAE822F727AF600B0D737 /* Frameworks */,
				4A6DAE832F727AF600B0D737 /* Resources */,
			);
			buildRules = (
			);
			dependencies = (
				4A6DAE872F727AF600B0D737 /* PBXTargetDependency */,
			);
			name = FlowTabUITests;
			productName = FlowTabUITests;
			productReference = 4A6DAE852F727AF600B0D737 /* FlowTabUITests.xctest */;
			productType = "com.apple.product-type.bundle.ui-testing";
		};
/* End PBXNativeTarget section */

/* Begin PBXProject section */
		4A6DAE622F727AF500B0D737 /* Project object */ = {
			isa = PBXProject;
			attributes = {
				BuildIndependentTargetsInParallel = 1;
				LastSwiftUpdateCheck = 1540;
				LastUpgradeCheck = 1540;
				TargetAttributes = {
					4A6DAE692F727AF500B0D737 = {
						CreatedOnToolsVersion = 15.4;
					};
					4A6DAE7A2F727AF600B0D737 = {
						CreatedOnToolsVersion = 15.4;
						TestTargetID = 4A6DAE692F727AF500B0D737;
					};
					4A6DAE842F727AF600B0D737 = {
						CreatedOnToolsVersion = 15.4;
						TestTargetID = 4A6DAE692F727AF500B0D737;
					};
				};
			};
			buildConfigurationList = 4A6DAE652F727AF500B0D737 /* Build configuration list for PBXProject "FlowTab" */;
			compatibilityVersion = "Xcode 14.0";
			developmentRegion = en;
			hasScannedForEncodings = 0;
			knownRegions = (
				en,
				Base,
			);
			mainGroup = 4A6DAE612F727AF500B0D737;
			packageReferences = (
				4A6DAE982F727B1900B0D737 /* XCLocalSwiftPackageReference "FlowTabCore" */,
			);
			productRefGroup = 4A6DAE6B2F727AF500B0D737 /* Products */;
			projectDirPath = "";
			projectRoot = "";
			targets = (
				4A6DAE692F727AF500B0D737 /* FlowTab */,
				4A6DAE7A2F727AF600B0D737 /* FlowTabTests */,
				4A6DAE842F727AF600B0D737 /* FlowTabUITests */,
			);
		};
/* End PBXProject section */

/* Begin PBXResourcesBuildPhase section */
		4A6DAE682F727AF500B0D737 /* Resources */ = {
			isa = PBXResourcesBuildPhase;
			buildActionMask = 2147483647;
			files = (
				4A6DAE752F727AF500B0D737 /* Preview Assets.xcassets in Resources */,
				4A6DAE722F727AF500B0D737 /* Assets.xcassets in Resources */,
			);
			runOnlyForDeploymentPostprocessing = 0;
		};
		4A6DAE792F727AF600B0D737 /* Resources */ = {
			isa = PBXResourcesBuildPhase;
			buildActionMask = 2147483647;
			files = (
			);
			runOnlyForDeploymentPostprocessing = 0;
		};
		4A6DAE832F727AF600B0D737 /* Resources */ = {
			isa = PBXResourcesBuildPhase;
			buildActionMask = 2147483647;
			files = (
			);
			runOnlyForDeploymentPostprocessing = 0;
		};
/* End PBXResourcesBuildPhase section */

/* Begin PBXSourcesBuildPhase section */
		4A6DAE662F727AF500B0D737 /* Sources */ = {
			isa = PBXSourcesBuildPhase;
			buildActionMask = 2147483647;
				files = (
					B1C2D3E42F74000100B0D737 /* AppLocalization.swift in Sources */,
					A1B2C3D42F73000100B0D737 /* OptionTabHotkeyMonitor.swift in Sources */,
					A1B2C3D52F73000100B0D737 /* RuntimeBridge.swift in Sources */,
				A1B2C3D62F73000100B0D737 /* SwitcherPanel.swift in Sources */,
				A1B2C3D72F73000100B0D737 /* SwitcherSearchCoordinator.swift in Sources */,
				4A6DAE702F727AF500B0D737 /* ContentView.swift in Sources */,
				4A6DAE6E2F727AF500B0D737 /* FlowTab.swift in Sources */,
			);
			runOnlyForDeploymentPostprocessing = 0;
		};
		4A6DAE772F727AF600B0D737 /* Sources */ = {
			isa = PBXSourcesBuildPhase;
			buildActionMask = 2147483647;
			files = (
				4A6DAE802F727AF600B0D737 /* FlowTabTests.swift in Sources */,
				7A1B2C3D4E5F600100B0D737 /* FlowTabPriorityCoverageTests.swift in Sources */,
			);
			runOnlyForDeploymentPostprocessing = 0;
		};
		4A6DAE812F727AF600B0D737 /* Sources */ = {
			isa = PBXSourcesBuildPhase;
			buildActionMask = 2147483647;
			files = (
				4A6DAE8C2F727AF600B0D737 /* FlowTabUITestsLaunchTests.swift in Sources */,
				4A6DAE8A2F727AF600B0D737 /* FlowTabUITests.swift in Sources */,
			);
			runOnlyForDeploymentPostprocessing = 0;
		};
/* End PBXSourcesBuildPhase section */

/* Begin PBXTargetDependency section */
		4A6DAE7D2F727AF600B0D737 /* PBXTargetDependency */ = {
			isa = PBXTargetDependency;
			target = 4A6DAE692F727AF500B0D737 /* FlowTab */;
			targetProxy = 4A6DAE7C2F727AF600B0D737 /* PBXContainerItemProxy */;
		};
		4A6DAE872F727AF600B0D737 /* PBXTargetDependency */ = {
			isa = PBXTargetDependency;
			target = 4A6DAE692F727AF500B0D737 /* FlowTab */;
			targetProxy = 4A6DAE862F727AF600B0D737 /* PBXContainerItemProxy */;
		};
/* End PBXTargetDependency section */

/* Begin XCBuildConfiguration section */
		4A6DAE8D2F727AF600B0D737 /* Debug */ = {
			isa = XCBuildConfiguration;
			buildSettings = {
				ALWAYS_SEARCH_USER_PATHS = NO;
				ASSETCATALOG_COMPILER_GENERATE_SWIFT_ASSET_SYMBOL_EXTENSIONS = YES;
				CLANG_ANALYZER_NONNULL = YES;
				CLANG_ANALYZER_NUMBER_OBJECT_CONVERSION = YES_AGGRESSIVE;
				CLANG_CXX_LANGUAGE_STANDARD = "gnu++20";
				CLANG_ENABLE_MODULES = YES;
				CLANG_ENABLE_OBJC_ARC = YES;
				CLANG_ENABLE_OBJC_WEAK = YES;
				CLANG_WARN_BLOCK_CAPTURE_AUTORELEASING = YES;
				CLANG_WARN_BOOL_CONVERSION = YES;
				CLANG_WARN_COMMA = YES;
				CLANG_WARN_CONSTANT_CONVERSION = YES;
				CLANG_WARN_DEPRECATED_OBJC_IMPLEMENTATIONS = YES;
				CLANG_WARN_DIRECT_OBJC_ISA_USAGE = YES_ERROR;
				CLANG_WARN_DOCUMENTATION_COMMENTS = YES;
				CLANG_WARN_EMPTY_BODY = YES;
				CLANG_WARN_ENUM_CONVERSION = YES;
				CLANG_WARN_INFINITE_RECURSION = YES;
				CLANG_WARN_INT_CONVERSION = YES;
				CLANG_WARN_NON_LITERAL_NULL_CONVERSION = YES;
				CLANG_WARN_OBJC_IMPLICIT_RETAIN_SELF = YES;
				CLANG_WARN_OBJC_LITERAL_CONVERSION = YES;
				CLANG_WARN_OBJC_ROOT_CLASS = YES_ERROR;
				CLANG_WARN_QUOTED_INCLUDE_IN_FRAMEWORK_HEADER = YES;
				CLANG_WARN_RANGE_LOOP_ANALYSIS = YES;
				CLANG_WARN_STRICT_PROTOTYPES = YES;
				CLANG_WARN_SUSPICIOUS_MOVE = YES;
				CLANG_WARN_UNGUARDED_AVAILABILITY = YES_AGGRESSIVE;
				CLANG_WARN_UNREACHABLE_CODE = YES;
				CLANG_WARN__DUPLICATE_METHOD_MATCH = YES;
				COPY_PHASE_STRIP = NO;
				DEBUG_INFORMATION_FORMAT = dwarf;
				ENABLE_STRICT_OBJC_MSGSEND = YES;
				ENABLE_TESTABILITY = YES;
				ENABLE_USER_SCRIPT_SANDBOXING = YES;
				GCC_C_LANGUAGE_STANDARD = gnu17;
				GCC_DYNAMIC_NO_PIC = NO;
				GCC_NO_COMMON_BLOCKS = YES;
				GCC_OPTIMIZATION_LEVEL = 0;
				GCC_PREPROCESSOR_DEFINITIONS = (
					"DEBUG=1",
					"$(inherited)",
				);
				GCC_WARN_64_TO_32_BIT_CONVERSION = YES;
				GCC_WARN_ABOUT_RETURN_TYPE = YES_ERROR;
				GCC_WARN_UNDECLARED_SELECTOR = YES;
				GCC_WARN_UNINITIALIZED_AUTOS = YES_AGGRESSIVE;
				GCC_WARN_UNUSED_FUNCTION = YES;
				GCC_WARN_UNUSED_VARIABLE = YES;
				LOCALIZATION_PREFERS_STRING_CATALOGS = YES;
				MACOSX_DEPLOYMENT_TARGET = 14.5;
				MTL_ENABLE_DEBUG_INFO = INCLUDE_SOURCE;
				MTL_FAST_MATH = YES;
				ONLY_ACTIVE_ARCH = YES;
				SDKROOT = macosx;
				SWIFT_ACTIVE_COMPILATION_CONDITIONS = "DEBUG $(inherited)";
				SWIFT_OPTIMIZATION_LEVEL = "-Onone";
			};
			name = Debug;
		};
		4A6DAE8E2F727AF600B0D737 /* Release */ = {
			isa = XCBuildConfiguration;
			buildSettings = {
				ALWAYS_SEARCH_USER_PATHS = NO;
				ASSETCATALOG_COMPILER_GENERATE_SWIFT_ASSET_SYMBOL_EXTENSIONS = YES;
				CLANG_ANALYZER_NONNULL = YES;
				CLANG_ANALYZER_NUMBER_OBJECT_CONVERSION = YES_AGGRESSIVE;
				CLANG_CXX_LANGUAGE_STANDARD = "gnu++20";
				CLANG_ENABLE_MODULES = YES;
				CLANG_ENABLE_OBJC_ARC = YES;
				CLANG_ENABLE_OBJC_WEAK = YES;
				CLANG_WARN_BLOCK_CAPTURE_AUTORELEASING = YES;
				CLANG_WARN_BOOL_CONVERSION = YES;
				CLANG_WARN_COMMA = YES;
				CLANG_WARN_CONSTANT_CONVERSION = YES;
				CLANG_WARN_DEPRECATED_OBJC_IMPLEMENTATIONS = YES;
				CLANG_WARN_DIRECT_OBJC_ISA_USAGE = YES_ERROR;
				CLANG_WARN_DOCUMENTATION_COMMENTS = YES;
				CLANG_WARN_EMPTY_BODY = YES;
				CLANG_WARN_ENUM_CONVERSION = YES;
				CLANG_WARN_INFINITE_RECURSION = YES;
				CLANG_WARN_INT_CONVERSION = YES;
				CLANG_WARN_NON_LITERAL_NULL_CONVERSION = YES;
				CLANG_WARN_OBJC_IMPLICIT_RETAIN_SELF = YES;
				CLANG_WARN_OBJC_LITERAL_CONVERSION = YES;
				CLANG_WARN_OBJC_ROOT_CLASS = YES_ERROR;
				CLANG_WARN_QUOTED_INCLUDE_IN_FRAMEWORK_HEADER = YES;
				CLANG_WARN_RANGE_LOOP_ANALYSIS = YES;
				CLANG_WARN_STRICT_PROTOTYPES = YES;
				CLANG_WARN_SUSPICIOUS_MOVE = YES;
				CLANG_WARN_UNGUARDED_AVAILABILITY = YES_AGGRESSIVE;
				CLANG_WARN_UNREACHABLE_CODE = YES;
				CLANG_WARN__DUPLICATE_METHOD_MATCH = YES;
				COPY_PHASE_STRIP = NO;
				DEBUG_INFORMATION_FORMAT = "dwarf-with-dsym";
				ENABLE_NS_ASSERTIONS = NO;
				ENABLE_STRICT_OBJC_MSGSEND = YES;
				ENABLE_USER_SCRIPT_SANDBOXING = YES;
				GCC_C_LANGUAGE_STANDARD = gnu17;
				GCC_NO_COMMON_BLOCKS = YES;
				GCC_WARN_64_TO_32_BIT_CONVERSION = YES;
				GCC_WARN_ABOUT_RETURN_TYPE = YES_ERROR;
				GCC_WARN_UNDECLARED_SELECTOR = YES;
				GCC_WARN_UNINITIALIZED_AUTOS = YES_AGGRESSIVE;
				GCC_WARN_UNUSED_FUNCTION = YES;
				GCC_WARN_UNUSED_VARIABLE = YES;
				LOCALIZATION_PREFERS_STRING_CATALOGS = YES;
				MACOSX_DEPLOYMENT_TARGET = 14.5;
				MTL_ENABLE_DEBUG_INFO = NO;
				MTL_FAST_MATH = YES;
				SDKROOT = macosx;
				SWIFT_COMPILATION_MODE = wholemodule;
			};
			name = Release;
		};
		4A6DAE902F727AF600B0D737 /* Debug */ = {
			isa = XCBuildConfiguration;
			buildSettings = {
				ASSETCATALOG_COMPILER_APPICON_NAME = AppIcon;
				ASSETCATALOG_COMPILER_GLOBAL_ACCENT_COLOR_NAME = AccentColor;
				CODE_SIGN_ENTITLEMENTS = FlowTab/FlowTab.entitlements;
				CODE_SIGN_STYLE = Automatic;
				COMBINE_HIDPI_IMAGES = YES;
				CURRENT_PROJECT_VERSION = 1;
					DEVELOPMENT_ASSET_PATHS = "\"FlowTab/Preview Content\"";
					ENABLE_PREVIEWS = YES;
					EXECUTABLE_NAME = FlowTab;
					GENERATE_INFOPLIST_FILE = YES;
					INFOPLIST_KEY_CFBundleDisplayName = "Flow Tab";
					INFOPLIST_KEY_NSHumanReadableCopyright = "";
				LD_RUNPATH_SEARCH_PATHS = (
					"$(inherited)",
					"@executable_path/../Frameworks",
				);
					MARKETING_VERSION = 1.0;
					PRODUCT_BUNDLE_IDENTIFIER = io.github.potato-dumplings.flowtab;
					PRODUCT_MODULE_NAME = FlowTab;
					PRODUCT_NAME = "Flow Tab";
					SWIFT_EMIT_LOC_STRINGS = YES;
					SWIFT_VERSION = 5.0;
			};
			name = Debug;
		};
		4A6DAE912F727AF600B0D737 /* Release */ = {
			isa = XCBuildConfiguration;
			buildSettings = {
				ASSETCATALOG_COMPILER_APPICON_NAME = AppIcon;
				ASSETCATALOG_COMPILER_GLOBAL_ACCENT_COLOR_NAME = AccentColor;
				CODE_SIGN_ENTITLEMENTS = FlowTab/FlowTab.entitlements;
				CODE_SIGN_STYLE = Automatic;
				COMBINE_HIDPI_IMAGES = YES;
				CURRENT_PROJECT_VERSION = 1;
					DEVELOPMENT_ASSET_PATHS = "\"FlowTab/Preview Content\"";
					ENABLE_PREVIEWS = YES;
					EXECUTABLE_NAME = FlowTab;
					GENERATE_INFOPLIST_FILE = YES;
					INFOPLIST_KEY_CFBundleDisplayName = "Flow Tab";
					INFOPLIST_KEY_NSHumanReadableCopyright = "";
				LD_RUNPATH_SEARCH_PATHS = (
					"$(inherited)",
					"@executable_path/../Frameworks",
				);
					MARKETING_VERSION = 1.0;
					PRODUCT_BUNDLE_IDENTIFIER = io.github.potato-dumplings.flowtab;
					PRODUCT_MODULE_NAME = FlowTab;
					PRODUCT_NAME = "Flow Tab";
					SWIFT_EMIT_LOC_STRINGS = YES;
					SWIFT_VERSION = 5.0;
			};
			name = Release;
		};
		4A6DAE932F727AF600B0D737 /* Debug */ = {
			isa = XCBuildConfiguration;
			buildSettings = {
				ALWAYS_EMBED_SWIFT_STANDARD_LIBRARIES = YES;
				BUNDLE_LOADER = "$(TEST_HOST)";
				CODE_SIGN_STYLE = Automatic;
				CURRENT_PROJECT_VERSION = 1;
				GENERATE_INFOPLIST_FILE = YES;
				MACOSX_DEPLOYMENT_TARGET = 14.5;
				MARKETING_VERSION = 1.0;
				PRODUCT_BUNDLE_IDENTIFIER = io.github.potato-dumplings.flowtab.tests;
				PRODUCT_NAME = "$(TARGET_NAME)";
				SWIFT_EMIT_LOC_STRINGS = NO;
				SWIFT_VERSION = 5.0;
					TEST_HOST = "$(BUILT_PRODUCTS_DIR)/Flow Tab.app/$(BUNDLE_EXECUTABLE_FOLDER_PATH)/FlowTab";
			};
			name = Debug;
		};
		4A6DAE942F727AF600B0D737 /* Release */ = {
			isa = XCBuildConfiguration;
			buildSettings = {
				ALWAYS_EMBED_SWIFT_STANDARD_LIBRARIES = YES;
				BUNDLE_LOADER = "$(TEST_HOST)";
				CODE_SIGN_STYLE = Automatic;
				CURRENT_PROJECT_VERSION = 1;
				GENERATE_INFOPLIST_FILE = YES;
				MACOSX_DEPLOYMENT_TARGET = 14.5;
				MARKETING_VERSION = 1.0;
				PRODUCT_BUNDLE_IDENTIFIER = io.github.potato-dumplings.flowtab.tests;
				PRODUCT_NAME = "$(TARGET_NAME)";
				SWIFT_EMIT_LOC_STRINGS = NO;
				SWIFT_VERSION = 5.0;
					TEST_HOST = "$(BUILT_PRODUCTS_DIR)/Flow Tab.app/$(BUNDLE_EXECUTABLE_FOLDER_PATH)/FlowTab";
			};
			name = Release;
		};
		4A6DAE962F727AF600B0D737 /* Debug */ = {
			isa = XCBuildConfiguration;
			buildSettings = {
				ALWAYS_EMBED_SWIFT_STANDARD_LIBRARIES = YES;
				CODE_SIGN_STYLE = Automatic;
				CURRENT_PROJECT_VERSION = 1;
				GENERATE_INFOPLIST_FILE = YES;
				MARKETING_VERSION = 1.0;
				PRODUCT_BUNDLE_IDENTIFIER = io.github.potato-dumplings.flowtab.uitests;
				PRODUCT_NAME = "$(TARGET_NAME)";
				SWIFT_EMIT_LOC_STRINGS = NO;
				SWIFT_VERSION = 5.0;
				TEST_TARGET_NAME = FlowTab;
			};
			name = Debug;
		};
		4A6DAE972F727AF600B0D737 /* Release */ = {
			isa = XCBuildConfiguration;
			buildSettings = {
				ALWAYS_EMBED_SWIFT_STANDARD_LIBRARIES = YES;
				CODE_SIGN_STYLE = Automatic;
				CURRENT_PROJECT_VERSION = 1;
				GENERATE_INFOPLIST_FILE = YES;
				MARKETING_VERSION = 1.0;
				PRODUCT_BUNDLE_IDENTIFIER = io.github.potato-dumplings.flowtab.uitests;
				PRODUCT_NAME = "$(TARGET_NAME)";
				SWIFT_EMIT_LOC_STRINGS = NO;
				SWIFT_VERSION = 5.0;
				TEST_TARGET_NAME = FlowTab;
			};
			name = Release;
		};
/* End XCBuildConfiguration section */

/* Begin XCConfigurationList section */
		4A6DAE652F727AF500B0D737 /* Build configuration list for PBXProject "FlowTab" */ = {
			isa = XCConfigurationList;
			buildConfigurations = (
				4A6DAE8D2F727AF600B0D737 /* Debug */,
				4A6DAE8E2F727AF600B0D737 /* Release */,
			);
			defaultConfigurationIsVisible = 0;
			defaultConfigurationName = Release;
		};
		4A6DAE8F2F727AF600B0D737 /* Build configuration list for PBXNativeTarget "FlowTab" */ = {
			isa = XCConfigurationList;
			buildConfigurations = (
				4A6DAE902F727AF600B0D737 /* Debug */,
				4A6DAE912F727AF600B0D737 /* Release */,
			);
			defaultConfigurationIsVisible = 0;
			defaultConfigurationName = Release;
		};
		4A6DAE922F727AF600B0D737 /* Build configuration list for PBXNativeTarget "FlowTabTests" */ = {
			isa = XCConfigurationList;
			buildConfigurations = (
				4A6DAE932F727AF600B0D737 /* Debug */,
				4A6DAE942F727AF600B0D737 /* Release */,
			);
			defaultConfigurationIsVisible = 0;
			defaultConfigurationName = Release;
		};
		4A6DAE952F727AF600B0D737 /* Build configuration list for PBXNativeTarget "FlowTabUITests" */ = {
			isa = XCConfigurationList;
			buildConfigurations = (
				4A6DAE962F727AF600B0D737 /* Debug */,
				4A6DAE972F727AF600B0D737 /* Release */,
			);
			defaultConfigurationIsVisible = 0;
			defaultConfigurationName = Release;
		};
/* End XCConfigurationList section */

/* Begin XCLocalSwiftPackageReference section */
		4A6DAE982F727B1900B0D737 /* XCLocalSwiftPackageReference "FlowTabCore" */ = {
			isa = XCLocalSwiftPackageReference;
			relativePath = FlowTabCore;
		};
/* End XCLocalSwiftPackageReference section */

/* Begin XCSwiftPackageProductDependency section */
		4A6DAE9C2F727C0900B0D737 /* FlowTabCore */ = {
			isa = XCSwiftPackageProductDependency;
			package = 4A6DAE982F727B1900B0D737 /* XCLocalSwiftPackageReference "FlowTabCore" */;
			productName = FlowTabCore;
		};
/* End XCSwiftPackageProductDependency section */
	};
	rootObject = 4A6DAE622F727AF500B0D737 /* Project object */;
}
